
Microsoft Visual Studio Solution File, Format Version 12.00
# Visual Studio 15
VisualStudioVersion = 15.0.28010.2041
MinimumVisualStudioVersion = 10.0.40219.1
Project("{8BC9CEB8-8B4A-11D0-8D11-00A0C91BC942}") = "IP_task_1_sln", "IP_task_1_sln.vcxproj", "{6577B693-DD39-4A3F-AC25-E510D8657A95}"
EndProject
Global
	GlobalSection(SolutionConfigurationPlatforms) = preSolution
		Debug|x64 = Debug|x64
		Debug|x86 = Debug|x86
		Release|x64 = Release|x64
		Release|x86 = Release|x86
	EndGlobalSection
	GlobalSection(ProjectConfigurationPlatforms) = postSolution
		{6577B693-DD39-4A3F-AC25-E510D8657A95}.Debug|x64.ActiveCfg = Debug|x64
		{6577B693-DD39-4A3F-AC25-E510D8657A95}.Debug|x64.Build.0 = Debug|x64
		{6577B693-DD39-4A3F-AC25-E510D8657A95}.Debug|x86.ActiveCfg = Debug|Win32
		{6577B693-DD39-4A3F-AC25-E510D8657A95}.Debug|x86.Build.0 = Debug|Win32
		{6577B693-DD39-4A3F-AC25-E510D8657A95}.Release|x64.ActiveCfg = Release|x64
		{6577B693-DD39-4A3F-AC25-E510D8657A95}.Release|x64.Build.0 = Release|x64
		{6577B693-DD39-4A3F-AC25-E510D8657A95}.Release|x86.ActiveCfg = Release|Win32
		{6577B693-DD39-4A3F-AC25-E510D8657A95}.Release|x86.Build.0 = Release|Win32
	EndGlobalSection
	GlobalSection(SolutionProperties) = preSolution
		HideSolutionNode = FALSE
	EndGlobalSection
	GlobalSection(ExtensibilityGlobals) = postSolution
		SolutionGuid = {CA906351-EF6C-4D1C-8FA5-C72AA9CBCEE5}
	EndGlobalSection
EndGlobal
